
Microsoft Visual Studio Solution File, Format Version 12.00
# Visual Studio Version 17
VisualStudioVersion = 17.12.35527.113 d17.12
MinimumVisualStudioVersion = 10.0.40219.1
Project("{FAE04EC0-301F-11D3-BF4B-00C04F79EFBC}") = "App", "App\App.csproj", "{4EEFFA06-944A-4536-BD1D-E97D08CB8957}"
EndProject
Project("{FAE04EC0-301F-11D3-BF4B-00C04F79EFBC}") = "DAL", "DAL\DAL.csproj", "{5CDC613A-41A9-4821-977F-1A1072AFF286}"
EndProject
Project("{FAE04EC0-301F-11D3-BF4B-00C04F79EFBC}") = "BLL", "BLL\BLL.csproj", "{3A074DDC-F549-410B-810C-E7A49D8C21BF}"
EndProject
Global
	GlobalSection(SolutionConfigurationPlatforms) = preSolution
		Debug|Any CPU = Debug|Any CPU
		Release|Any CPU = Release|Any CPU
	EndGlobalSection
	GlobalSection(ProjectConfigurationPlatforms) = postSolution
		{4EEFFA06-944A-4536-BD1D-E97D08CB8957}.Debug|Any CPU.ActiveCfg = Debug|Any CPU
		{4EEFFA06-944A-4536-BD1D-E97D08CB8957}.Debug|Any CPU.Build.0 = Debug|Any CPU
		{4EEFFA06-944A-4536-BD1D-E97D08CB8957}.Release|Any CPU.ActiveCfg = Release|Any CPU
		{4EEFFA06-944A-4536-BD1D-E97D08CB8957}.Release|Any CPU.Build.0 = Release|Any CPU
		{5CDC613A-41A9-4821-977F-1A1072AFF286}.Debug|Any CPU.ActiveCfg = Debug|Any CPU
		{5CDC613A-41A9-4821-977F-1A1072AFF286}.Debug|Any CPU.Build.0 = Debug|Any CPU
		{5CDC613A-41A9-4821-977F-1A1072AFF286}.Release|Any CPU.ActiveCfg = Release|Any CPU
		{5CDC613A-41A9-4821-977F-1A1072AFF286}.Release|Any CPU.Build.0 = Release|Any CPU
		{3A074DDC-F549-410B-810C-E7A49D8C21BF}.Debug|Any CPU.ActiveCfg = Debug|Any CPU
		{3A074DDC-F549-410B-810C-E7A49D8C21BF}.Debug|Any CPU.Build.0 = Debug|Any CPU
		{3A074DDC-F549-410B-810C-E7A49D8C21BF}.Release|Any CPU.ActiveCfg = Release|Any CPU
		{3A074DDC-F549-410B-810C-E7A49D8C21BF}.Release|Any CPU.Build.0 = Release|Any CPU
	EndGlobalSection
	GlobalSection(SolutionProperties) = preSolution
		HideSolutionNode = FALSE
	EndGlobalSection
EndGlobal
